
Microsoft Visual Studio Solution File, Format Version 12.00
# Visual Studio 14
VisualStudioVersion = 14.0.23107.0
MinimumVisualStudioVersion = 10.0.40219.1
Project("{2150E333-8FDC-42A3-9474-1A3956D46DE8}") = ".paket", ".paket", "{26CA13FA-4D35-4203-A45A-6AFEED2DABF1}"
	ProjectSection(SolutionItems) = preProject
		..\..\paket.dependencies = ..\..\paket.dependencies
	EndProjectSection
EndProject
Project("{FAE04EC0-301F-11D3-BF4B-00C04F79EFBC}") = "ChristianArticles.Web", "ChristianArticles.Web\ChristianArticles.Web.csproj", "{54D23ED7-F455-4E17-86AA-599C6911EDAF}"
EndProject
Global
	GlobalSection(SolutionConfigurationPlatforms) = preSolution
		Debug|Any CPU = Debug|Any CPU
		Release|Any CPU = Release|Any CPU
	EndGlobalSection
	GlobalSection(ProjectConfigurationPlatforms) = postSolution
		{54D23ED7-F455-4E17-86AA-599C6911EDAF}.Debug|Any CPU.ActiveCfg = Debug|Any CPU
		{54D23ED7-F455-4E17-86AA-599C6911EDAF}.Debug|Any CPU.Build.0 = Debug|Any CPU
		{54D23ED7-F455-4E17-86AA-599C6911EDAF}.Release|Any CPU.ActiveCfg = Release|Any CPU
		{54D23ED7-F455-4E17-86AA-599C6911EDAF}.Release|Any CPU.Build.0 = Release|Any CPU
	EndGlobalSection
	GlobalSection(SolutionProperties) = preSolution
		HideSolutionNode = FALSE
	EndGlobalSection
EndGlobal
